
Microsoft Visual Studio Solution File, Format Version 12.00
# Visual Studio Version 17
VisualStudioVersion = 17.5.002.0
MinimumVisualStudioVersion = 10.0.40219.1
Project("{9A19103F-16F7-4668-BE54-9A1E7A4F7556}") = "Nike_clone_Backend", "Nike_clone_Backend.csproj", "{C3CBF173-5CF1-495F-9227-F4365AF475A6}"
EndProject
Global
	GlobalSection(SolutionConfigurationPlatforms) = preSolution
		Debug|Any CPU = Debug|Any CPU
		Release|Any CPU = Release|Any CPU
	EndGlobalSection
	GlobalSection(ProjectConfigurationPlatforms) = postSolution
		{C3CBF173-5CF1-495F-9227-F4365AF475A6}.Debug|Any CPU.ActiveCfg = Debug|Any CPU
		{C3CBF173-5CF1-495F-9227-F4365AF475A6}.Debug|Any CPU.Build.0 = Debug|Any CPU
		{C3CBF173-5CF1-495F-9227-F4365AF475A6}.Release|Any CPU.ActiveCfg = Release|Any CPU
		{C3CBF173-5CF1-495F-9227-F4365AF475A6}.Release|Any CPU.Build.0 = Release|Any CPU
	EndGlobalSection
	GlobalSection(SolutionProperties) = preSolution
		HideSolutionNode = FALSE
	EndGlobalSection
	GlobalSection(ExtensibilityGlobals) = postSolution
		SolutionGuid = {8BD069EC-B738-428D-90CA-22FF53396C86}
	EndGlobalSection
EndGlobal
